
Microsoft Visual Studio Solution File, Format Version 12.00
# Visual Studio 15
VisualStudioVersion = 15.0.27130.2027
MinimumVisualStudioVersion = 10.0.40219.1
Project("{FAE04EC0-301F-11D3-BF4B-00C04F79EFBC}") = "OrYacobi.Jcob.Play", "OrYacobi.Jcob.Play\OrYacobi.Jcob.Play.csproj", "{67DB9915-764D-4BD3-B1CE-7E784073EB70}"
EndProject
Project("{FAE04EC0-301F-11D3-BF4B-00C04F79EFBC}") = "OrYacobi.JcobTests", "OrYacobi.JcobTests\OrYacobi.JcobTests.csproj", "{9F19199E-8273-46BC-A148-89B95E5E53B1}"
EndProject
Project("{9A19103F-16F7-4668-BE54-9A1E7A4F7556}") = "OrYacobi.Jcob", "OrYacobi.Jcob\OrYacobi.Jcob.csproj", "{A203A4A6-6205-4FDB-8B5A-18FC87495554}"
EndProject
Global
	GlobalSection(SolutionConfigurationPlatforms) = preSolution
		Debug|Any CPU = Debug|Any CPU
		Release|Any CPU = Release|Any CPU
	EndGlobalSection
	GlobalSection(ProjectConfigurationPlatforms) = postSolution
		{67DB9915-764D-4BD3-B1CE-7E784073EB70}.Debug|Any CPU.ActiveCfg = Debug|Any CPU
		{67DB9915-764D-4BD3-B1CE-7E784073EB70}.Debug|Any CPU.Build.0 = Debug|Any CPU
		{67DB9915-764D-4BD3-B1CE-7E784073EB70}.Release|Any CPU.ActiveCfg = Release|Any CPU
		{67DB9915-764D-4BD3-B1CE-7E784073EB70}.Release|Any CPU.Build.0 = Release|Any CPU
		{9F19199E-8273-46BC-A148-89B95E5E53B1}.Debug|Any CPU.ActiveCfg = Debug|Any CPU
		{9F19199E-8273-46BC-A148-89B95E5E53B1}.Debug|Any CPU.Build.0 = Debug|Any CPU
		{9F19199E-8273-46BC-A148-89B95E5E53B1}.Release|Any CPU.ActiveCfg = Release|Any CPU
		{9F19199E-8273-46BC-A148-89B95E5E53B1}.Release|Any CPU.Build.0 = Release|Any CPU
		{A203A4A6-6205-4FDB-8B5A-18FC87495554}.Debug|Any CPU.ActiveCfg = Debug|Any CPU
		{A203A4A6-6205-4FDB-8B5A-18FC87495554}.Debug|Any CPU.Build.0 = Debug|Any CPU
		{A203A4A6-6205-4FDB-8B5A-18FC87495554}.Release|Any CPU.ActiveCfg = Release|Any CPU
		{A203A4A6-6205-4FDB-8B5A-18FC87495554}.Release|Any CPU.Build.0 = Release|Any CPU
		{110E0440-0C98-4305-88D5-9299772522A1}.Debug|Any CPU.ActiveCfg = Debug|Any CPU
		{110E0440-0C98-4305-88D5-9299772522A1}.Debug|Any CPU.Build.0 = Debug|Any CPU
		{110E0440-0C98-4305-88D5-9299772522A1}.Release|Any CPU.ActiveCfg = Release|Any CPU
		{110E0440-0C98-4305-88D5-9299772522A1}.Release|Any CPU.Build.0 = Release|Any CPU
	EndGlobalSection
	GlobalSection(SolutionProperties) = preSolution
		HideSolutionNode = FALSE
	EndGlobalSection
	GlobalSection(ExtensibilityGlobals) = postSolution
		SolutionGuid = {72DAF54E-D843-46E6-A620-54B688700315}
	EndGlobalSection
EndGlobal
